<?xml version="1.0" encoding="utf-8"?>
<Project ToolsVersion="4.0" xmlns="http://schemas.microsoft.com/developer/msbuild/2003">
  <ItemGroup>
    <Filter Include="Source Files">
      <UniqueIdentifier>{4FC737F1-C7A5-4376-A066-2A32D752A2FF}</UniqueIdentifier>
      <Extensions>qml;cpp;c;cc;cxx;def;odl;idl;hpj;bat;asm;asmx</Extensions>
    </Filter>
    <Filter Include="Header Files">
      <UniqueIdentifier>{93995380-89BD-4b04-88EB-625FBE52EBFB}</UniqueIdentifier>
      <Extensions>h;hh;hpp;hxx;hm;inl;inc;xsd</Extensions>
    </Filter>
    <Filter Include="Resource Files">
      <UniqueIdentifier>{67DA6AB6-F800-4c08-8B7A-83BB121AAD01}</UniqueIdentifier>
      <Extensions>qrc;rc;ico;cur;bmp;dlg;rc2;rct;bin;rgs;gif;jpg;jpeg;jpe;resx;tiff;tif;png;wav;mfcribbon-ms</Extensions>
    </Filter>
    <Filter Include="Form Files">
      <UniqueIdentifier>{99349809-55BA-4b9d-BF79-8FDBB0286EB3}</UniqueIdentifier>
      <Extensions>ui</Extensions>
    </Filter>
    <Filter Include="Translation Files">
      <UniqueIdentifier>{639EADAA-A684-42e4-A9AD-28FC9BCB8F7C}</UniqueIdentifier>
      <Extensions>ts</Extensions>
    </Filter>
    <Filter Include="Source Files\Client">
      <UniqueIdentifier>{7fe5dcc3-7076-4048-af6f-6051d00f95ba}</UniqueIdentifier>
    </Filter>
    <Filter Include="Header Files\ClientHeaders">
      <UniqueIdentifier>{f090f2ba-5198-4950-b25f-ae68b844a158}</UniqueIdentifier>
    </Filter>
    <Filter Include="Source Files\FakeDB">
      <UniqueIdentifier>{244e51f2-3bb9-484b-bdd7-f780600e83ef}</UniqueIdentifier>
    </Filter>
  </ItemGroup>
  <ItemGroup>
    <QtRcc Include="Teams20C.qrc">
      <Filter>Resource Files</Filter>
    </QtRcc>
    <QtUic Include="Teams20C.ui">
      <Filter>Form Files</Filter>
    </QtUic>
  </ItemGroup>
  <ItemGroup>
    <ClCompile Include="main.cpp">
      <Filter>Source Files</Filter>
    </ClCompile>
    <ClCompile Include="AppUI.cpp">
      <Filter>Source Files\Client</Filter>
    </ClCompile>
    <ClCompile Include="NewChatWindow.cpp">
      <Filter>Source Files\Client</Filter>
    </ClCompile>
    <ClCompile Include="FakeDb.cpp">
      <Filter>Source Files\FakeDB</Filter>
    </ClCompile>
    <ClCompile Include="Globals.cpp">
      <Filter>Source Files</Filter>
    </ClCompile>
    <ClCompile Include="Authenticate.cpp">
      <Filter>Source Files\Client</Filter>
    </ClCompile>
    <ClCompile Include="Contacts.cpp">
      <Filter>Source Files\Client</Filter>
    </ClCompile>
    <ClCompile Include="Discussions.cpp">
      <Filter>Source Files\Client</Filter>
    </ClCompile>
    <ClCompile Include="Messages.cpp">
      <Filter>Source Files\Client</Filter>
    </ClCompile>
  </ItemGroup>
  <ItemGroup>
    <QtMoc Include="AppUI.h">
      <Filter>Header Files\ClientHeaders</Filter>
    </QtMoc>
    <QtMoc Include="NewChatWindow.h">
      <Filter>Header Files\ClientHeaders</Filter>
    </QtMoc>
  </ItemGroup>
  <ItemGroup>
    <ClInclude Include="FakeDb.h">
      <Filter>Header Files</Filter>
    </ClInclude>
    <ClInclude Include="Globals.h">
      <Filter>Header Files</Filter>
    </ClInclude>
    <ClInclude Include="Authenticate.h">
      <Filter>Header Files\ClientHeaders</Filter>
    </ClInclude>
    <ClInclude Include="Contacts.h">
      <Filter>Header Files\ClientHeaders</Filter>
    </ClInclude>
    <ClInclude Include="Discussions.h">
      <Filter>Header Files\ClientHeaders</Filter>
    </ClInclude>
    <ClInclude Include="Messages.h">
      <Filter>Header Files\ClientHeaders</Filter>
    </ClInclude>
  </ItemGroup>
  <ItemGroup>
    <None Include="users.json">
      <Filter>Source Files\FakeDB</Filter>
    </None>
    <None Include="discussions.json">
      <Filter>Source Files\FakeDB</Filter>
    </None>
    <None Include="messages.json">
      <Filter>Source Files\FakeDB</Filter>
    </None>
  </ItemGroup>
</Project>